
Microsoft Visual Studio Solution File, Format Version 12.00
# Visual Studio 15
VisualStudioVersion = 15.0.28307.1169
MinimumVisualStudioVersion = 10.0.40219.1
Project("{FAE04EC0-301F-11D3-BF4B-00C04F79EFBC}") = "Homework", "Homework\Homework.csproj", "{00CD81AE-42D4-42C4-82F6-410719C1F204}"
EndProject
Project("{FAE04EC0-301F-11D3-BF4B-00C04F79EFBC}") = "HelloWorld", "HelloWorld\HelloWorld.csproj", "{B44738F1-B64F-4C38-80BB-168FABD69D4C}"
EndProject
Project("{FAE04EC0-301F-11D3-BF4B-00C04F79EFBC}") = "PrintName", "PrintName\PrintName.csproj", "{F4E96003-C616-487D-9D3E-3806C6B48E8C}"
EndProject
Project("{FAE04EC0-301F-11D3-BF4B-00C04F79EFBC}") = "sumOfThreeNumbers", "sumOfThreeNumbers\sumOfThreeNumbers.csproj", "{259DE0FF-FD16-4B7A-BC78-6745D549E444}"
EndProject
Project("{FAE04EC0-301F-11D3-BF4B-00C04F79EFBC}") = "numbersFromOneToN", "numbersFromOneToN\numbersFromOneToN.csproj", "{502082B4-72E8-4421-88E6-ED200CE6F171}"
EndProject
Project("{FAE04EC0-301F-11D3-BF4B-00C04F79EFBC}") = "sumOfFiveNumbers", "sumOfFiveNumbers\sumOfFiveNumbers.csproj", "{6B848432-6942-44F9-9BE3-2219491FD585}"
EndProject
Project("{FAE04EC0-301F-11D3-BF4B-00C04F79EFBC}") = "compareTwoNumbers", "compareTwoNumbers\compareTwoNumbers.csproj", "{D3BEA59B-8EFF-4B1F-910D-B7DE0B15EBDB}"
EndProject
Project("{FAE04EC0-301F-11D3-BF4B-00C04F79EFBC}") = "FormatingNumbers", "FormatingNumbers\FormatingNumbers.csproj", "{A8F8922F-3170-4E32-8C6E-331BD6E0917C}"
EndProject
Project("{FAE04EC0-301F-11D3-BF4B-00C04F79EFBC}") = "RandomNumbersInAGivenRange", "RandomNumbersInAGivenRange\RandomNumbersInAGivenRange.csproj", "{277B8466-91E7-4051-90EB-2E35FDCF55BD}"
EndProject
Project("{FAE04EC0-301F-11D3-BF4B-00C04F79EFBC}") = "ThirdDigitIsSeven", "ThirdDigitIsSeven\ThirdDigitIsSeven.csproj", "{565B6C30-1E8C-471C-92A6-B18D9C922AC2}"
EndProject
Project("{FAE04EC0-301F-11D3-BF4B-00C04F79EFBC}") = "OddOrEvenIntegers", "OddOrEvenIntegers\OddOrEvenIntegers.csproj", "{36B2EFC2-6D00-4F3E-A87B-87A1BA80EEE2}"
EndProject
Project("{FAE04EC0-301F-11D3-BF4B-00C04F79EFBC}") = "PointInACircle", "PointInACircle\PointInACircle.csproj", "{1E797571-8A94-4775-A8EF-31FF73A95539}"
EndProject
Project("{FAE04EC0-301F-11D3-BF4B-00C04F79EFBC}") = "CirclePerimeterArea", "CirclePerimeterArea\CirclePerimeterArea.csproj", "{8DB2B916-3847-4D50-B71C-736BE578687D}"
EndProject
Project("{FAE04EC0-301F-11D3-BF4B-00C04F79EFBC}") = "CheckBitAtGivenPosition", "CheckBitAtGivenPosition\CheckBitAtGivenPosition.csproj", "{8576E6B6-1C22-4283-8DDD-D223EBBF7B6D}"
EndProject
Project("{FAE04EC0-301F-11D3-BF4B-00C04F79EFBC}") = "QuadraticEquasion", "QuadraticEquasion\QuadraticEquasion.csproj", "{45BA3E16-6534-42D0-87C0-662189374298}"
EndProject
Project("{FAE04EC0-301F-11D3-BF4B-00C04F79EFBC}") = "CheckAPlayCard", "CheckAPlayCard\CheckAPlayCard.csproj", "{7EA0EF0D-42D9-450A-9AD8-BBB747D5F372}"
EndProject
Project("{FAE04EC0-301F-11D3-BF4B-00C04F79EFBC}") = "Trapezoids", "Trapezoids\Trapezoids.csproj", "{08113A4A-02B4-452C-9818-3109DCFBC30C}"
EndProject
Project("{FAE04EC0-301F-11D3-BF4B-00C04F79EFBC}") = "GCD", "GCD\GCD.csproj", "{1C5ABB99-31F9-4C88-8BAD-09EADC5FCC77}"
EndProject
Global
	GlobalSection(SolutionConfigurationPlatforms) = preSolution
		Debug|Any CPU = Debug|Any CPU
		Release|Any CPU = Release|Any CPU
	EndGlobalSection
	GlobalSection(ProjectConfigurationPlatforms) = postSolution
		{00CD81AE-42D4-42C4-82F6-410719C1F204}.Debug|Any CPU.ActiveCfg = Debug|Any CPU
		{00CD81AE-42D4-42C4-82F6-410719C1F204}.Debug|Any CPU.Build.0 = Debug|Any CPU
		{00CD81AE-42D4-42C4-82F6-410719C1F204}.Release|Any CPU.ActiveCfg = Release|Any CPU
		{00CD81AE-42D4-42C4-82F6-410719C1F204}.Release|Any CPU.Build.0 = Release|Any CPU
		{B44738F1-B64F-4C38-80BB-168FABD69D4C}.Debug|Any CPU.ActiveCfg = Debug|Any CPU
		{B44738F1-B64F-4C38-80BB-168FABD69D4C}.Debug|Any CPU.Build.0 = Debug|Any CPU
		{B44738F1-B64F-4C38-80BB-168FABD69D4C}.Release|Any CPU.ActiveCfg = Release|Any CPU
		{B44738F1-B64F-4C38-80BB-168FABD69D4C}.Release|Any CPU.Build.0 = Release|Any CPU
		{F4E96003-C616-487D-9D3E-3806C6B48E8C}.Debug|Any CPU.ActiveCfg = Debug|Any CPU
		{F4E96003-C616-487D-9D3E-3806C6B48E8C}.Debug|Any CPU.Build.0 = Debug|Any CPU
		{F4E96003-C616-487D-9D3E-3806C6B48E8C}.Release|Any CPU.ActiveCfg = Release|Any CPU
		{F4E96003-C616-487D-9D3E-3806C6B48E8C}.Release|Any CPU.Build.0 = Release|Any CPU
		{259DE0FF-FD16-4B7A-BC78-6745D549E444}.Debug|Any CPU.ActiveCfg = Debug|Any CPU
		{259DE0FF-FD16-4B7A-BC78-6745D549E444}.Debug|Any CPU.Build.0 = Debug|Any CPU
		{259DE0FF-FD16-4B7A-BC78-6745D549E444}.Release|Any CPU.ActiveCfg = Release|Any CPU
		{259DE0FF-FD16-4B7A-BC78-6745D549E444}.Release|Any CPU.Build.0 = Release|Any CPU
		{502082B4-72E8-4421-88E6-ED200CE6F171}.Debug|Any CPU.ActiveCfg = Debug|Any CPU
		{502082B4-72E8-4421-88E6-ED200CE6F171}.Debug|Any CPU.Build.0 = Debug|Any CPU
		{502082B4-72E8-4421-88E6-ED200CE6F171}.Release|Any CPU.ActiveCfg = Release|Any CPU
		{502082B4-72E8-4421-88E6-ED200CE6F171}.Release|Any CPU.Build.0 = Release|Any CPU
		{6B848432-6942-44F9-9BE3-2219491FD585}.Debug|Any CPU.ActiveCfg = Debug|Any CPU
		{6B848432-6942-44F9-9BE3-2219491FD585}.Debug|Any CPU.Build.0 = Debug|Any CPU
		{6B848432-6942-44F9-9BE3-2219491FD585}.Release|Any CPU.ActiveCfg = Release|Any CPU
		{6B848432-6942-44F9-9BE3-2219491FD585}.Release|Any CPU.Build.0 = Release|Any CPU
		{D3BEA59B-8EFF-4B1F-910D-B7DE0B15EBDB}.Debug|Any CPU.ActiveCfg = Debug|Any CPU
		{D3BEA59B-8EFF-4B1F-910D-B7DE0B15EBDB}.Debug|Any CPU.Build.0 = Debug|Any CPU
		{D3BEA59B-8EFF-4B1F-910D-B7DE0B15EBDB}.Release|Any CPU.ActiveCfg = Release|Any CPU
		{D3BEA59B-8EFF-4B1F-910D-B7DE0B15EBDB}.Release|Any CPU.Build.0 = Release|Any CPU
		{A8F8922F-3170-4E32-8C6E-331BD6E0917C}.Debug|Any CPU.ActiveCfg = Debug|Any CPU
		{A8F8922F-3170-4E32-8C6E-331BD6E0917C}.Debug|Any CPU.Build.0 = Debug|Any CPU
		{A8F8922F-3170-4E32-8C6E-331BD6E0917C}.Release|Any CPU.ActiveCfg = Release|Any CPU
		{A8F8922F-3170-4E32-8C6E-331BD6E0917C}.Release|Any CPU.Build.0 = Release|Any CPU
		{277B8466-91E7-4051-90EB-2E35FDCF55BD}.Debug|Any CPU.ActiveCfg = Debug|Any CPU
		{277B8466-91E7-4051-90EB-2E35FDCF55BD}.Debug|Any CPU.Build.0 = Debug|Any CPU
		{277B8466-91E7-4051-90EB-2E35FDCF55BD}.Release|Any CPU.ActiveCfg = Release|Any CPU
		{277B8466-91E7-4051-90EB-2E35FDCF55BD}.Release|Any CPU.Build.0 = Release|Any CPU
		{565B6C30-1E8C-471C-92A6-B18D9C922AC2}.Debug|Any CPU.ActiveCfg = Debug|Any CPU
		{565B6C30-1E8C-471C-92A6-B18D9C922AC2}.Debug|Any CPU.Build.0 = Debug|Any CPU
		{565B6C30-1E8C-471C-92A6-B18D9C922AC2}.Release|Any CPU.ActiveCfg = Release|Any CPU
		{565B6C30-1E8C-471C-92A6-B18D9C922AC2}.Release|Any CPU.Build.0 = Release|Any CPU
		{36B2EFC2-6D00-4F3E-A87B-87A1BA80EEE2}.Debug|Any CPU.ActiveCfg = Debug|Any CPU
		{36B2EFC2-6D00-4F3E-A87B-87A1BA80EEE2}.Debug|Any CPU.Build.0 = Debug|Any CPU
		{36B2EFC2-6D00-4F3E-A87B-87A1BA80EEE2}.Release|Any CPU.ActiveCfg = Release|Any CPU
		{36B2EFC2-6D00-4F3E-A87B-87A1BA80EEE2}.Release|Any CPU.Build.0 = Release|Any CPU
		{1E797571-8A94-4775-A8EF-31FF73A95539}.Debug|Any CPU.ActiveCfg = Debug|Any CPU
		{1E797571-8A94-4775-A8EF-31FF73A95539}.Debug|Any CPU.Build.0 = Debug|Any CPU
		{1E797571-8A94-4775-A8EF-31FF73A95539}.Release|Any CPU.ActiveCfg = Release|Any CPU
		{1E797571-8A94-4775-A8EF-31FF73A95539}.Release|Any CPU.Build.0 = Release|Any CPU
		{8DB2B916-3847-4D50-B71C-736BE578687D}.Debug|Any CPU.ActiveCfg = Debug|Any CPU
		{8DB2B916-3847-4D50-B71C-736BE578687D}.Debug|Any CPU.Build.0 = Debug|Any CPU
		{8DB2B916-3847-4D50-B71C-736BE578687D}.Release|Any CPU.ActiveCfg = Release|Any CPU
		{8DB2B916-3847-4D50-B71C-736BE578687D}.Release|Any CPU.Build.0 = Release|Any CPU
		{8576E6B6-1C22-4283-8DDD-D223EBBF7B6D}.Debug|Any CPU.ActiveCfg = Debug|Any CPU
		{8576E6B6-1C22-4283-8DDD-D223EBBF7B6D}.Debug|Any CPU.Build.0 = Debug|Any CPU
		{8576E6B6-1C22-4283-8DDD-D223EBBF7B6D}.Release|Any CPU.ActiveCfg = Release|Any CPU
		{8576E6B6-1C22-4283-8DDD-D223EBBF7B6D}.Release|Any CPU.Build.0 = Release|Any CPU
		{45BA3E16-6534-42D0-87C0-662189374298}.Debug|Any CPU.ActiveCfg = Debug|Any CPU
		{45BA3E16-6534-42D0-87C0-662189374298}.Debug|Any CPU.Build.0 = Debug|Any CPU
		{45BA3E16-6534-42D0-87C0-662189374298}.Release|Any CPU.ActiveCfg = Release|Any CPU
		{45BA3E16-6534-42D0-87C0-662189374298}.Release|Any CPU.Build.0 = Release|Any CPU
		{7EA0EF0D-42D9-450A-9AD8-BBB747D5F372}.Debug|Any CPU.ActiveCfg = Debug|Any CPU
		{7EA0EF0D-42D9-450A-9AD8-BBB747D5F372}.Debug|Any CPU.Build.0 = Debug|Any CPU
		{7EA0EF0D-42D9-450A-9AD8-BBB747D5F372}.Release|Any CPU.ActiveCfg = Release|Any CPU
		{7EA0EF0D-42D9-450A-9AD8-BBB747D5F372}.Release|Any CPU.Build.0 = Release|Any CPU
		{08113A4A-02B4-452C-9818-3109DCFBC30C}.Debug|Any CPU.ActiveCfg = Debug|Any CPU
		{08113A4A-02B4-452C-9818-3109DCFBC30C}.Debug|Any CPU.Build.0 = Debug|Any CPU
		{08113A4A-02B4-452C-9818-3109DCFBC30C}.Release|Any CPU.ActiveCfg = Release|Any CPU
		{08113A4A-02B4-452C-9818-3109DCFBC30C}.Release|Any CPU.Build.0 = Release|Any CPU
		{1C5ABB99-31F9-4C88-8BAD-09EADC5FCC77}.Debug|Any CPU.ActiveCfg = Debug|Any CPU
		{1C5ABB99-31F9-4C88-8BAD-09EADC5FCC77}.Debug|Any CPU.Build.0 = Debug|Any CPU
		{1C5ABB99-31F9-4C88-8BAD-09EADC5FCC77}.Release|Any CPU.ActiveCfg = Release|Any CPU
		{1C5ABB99-31F9-4C88-8BAD-09EADC5FCC77}.Release|Any CPU.Build.0 = Release|Any CPU
	EndGlobalSection
	GlobalSection(SolutionProperties) = preSolution
		HideSolutionNode = FALSE
	EndGlobalSection
	GlobalSection(ExtensibilityGlobals) = postSolution
		SolutionGuid = {BE904A7F-AC21-434F-9996-1375C4EEA3AB}
	EndGlobalSection
EndGlobal
